
Microsoft Visual Studio Solution File, Format Version 12.00
# Visual Studio Version 16
VisualStudioVersion = 16.0.32228.343
MinimumVisualStudioVersion = 10.0.40219.1
Project("{FAE04EC0-301F-11D3-BF4B-00C04F79EFBC}") = "ToDoList.WebApi", "ToDoList.WebApi\ToDoList.WebApi.csproj", "{0C89BE68-95DC-4274-A41A-83CBDE8F4FDB}"
EndProject
Project("{FAE04EC0-301F-11D3-BF4B-00C04F79EFBC}") = "ToDoList.Domain", "ToDoList.Domain\ToDoList.Domain.csproj", "{0A44A5E7-0C9C-47A1-AC9A-511E6D167D88}"
EndProject
Project("{FAE04EC0-301F-11D3-BF4B-00C04F79EFBC}") = "ToDoList.Infrastructure", "ToDoList.Infrastructure\ToDoList.Infrastructure.csproj", "{C62594FF-32DA-43F5-825D-A722CDE8FAD1}"
EndProject
Project("{FAE04EC0-301F-11D3-BF4B-00C04F79EFBC}") = "ToDoList.Tests", "ToDoList.Tests\ToDoList.Tests.csproj", "{B9D35BB6-712E-4343-ADFF-57197ADF84DB}"
EndProject
Global
	GlobalSection(SolutionConfigurationPlatforms) = preSolution
		Debug|Any CPU = Debug|Any CPU
		Release|Any CPU = Release|Any CPU
	EndGlobalSection
	GlobalSection(ProjectConfigurationPlatforms) = postSolution
		{0C89BE68-95DC-4274-A41A-83CBDE8F4FDB}.Debug|Any CPU.ActiveCfg = Debug|Any CPU
		{0C89BE68-95DC-4274-A41A-83CBDE8F4FDB}.Debug|Any CPU.Build.0 = Debug|Any CPU
		{0C89BE68-95DC-4274-A41A-83CBDE8F4FDB}.Release|Any CPU.ActiveCfg = Release|Any CPU
		{0C89BE68-95DC-4274-A41A-83CBDE8F4FDB}.Release|Any CPU.Build.0 = Release|Any CPU
		{0A44A5E7-0C9C-47A1-AC9A-511E6D167D88}.Debug|Any CPU.ActiveCfg = Debug|Any CPU
		{0A44A5E7-0C9C-47A1-AC9A-511E6D167D88}.Debug|Any CPU.Build.0 = Debug|Any CPU
		{0A44A5E7-0C9C-47A1-AC9A-511E6D167D88}.Release|Any CPU.ActiveCfg = Release|Any CPU
		{0A44A5E7-0C9C-47A1-AC9A-511E6D167D88}.Release|Any CPU.Build.0 = Release|Any CPU
		{C62594FF-32DA-43F5-825D-A722CDE8FAD1}.Debug|Any CPU.ActiveCfg = Debug|Any CPU
		{C62594FF-32DA-43F5-825D-A722CDE8FAD1}.Debug|Any CPU.Build.0 = Debug|Any CPU
		{C62594FF-32DA-43F5-825D-A722CDE8FAD1}.Release|Any CPU.ActiveCfg = Release|Any CPU
		{C62594FF-32DA-43F5-825D-A722CDE8FAD1}.Release|Any CPU.Build.0 = Release|Any CPU
		{B9D35BB6-712E-4343-ADFF-57197ADF84DB}.Debug|Any CPU.ActiveCfg = Debug|Any CPU
		{B9D35BB6-712E-4343-ADFF-57197ADF84DB}.Debug|Any CPU.Build.0 = Debug|Any CPU
		{B9D35BB6-712E-4343-ADFF-57197ADF84DB}.Release|Any CPU.ActiveCfg = Release|Any CPU
		{B9D35BB6-712E-4343-ADFF-57197ADF84DB}.Release|Any CPU.Build.0 = Release|Any CPU
	EndGlobalSection
	GlobalSection(SolutionProperties) = preSolution
		HideSolutionNode = FALSE
	EndGlobalSection
	GlobalSection(ExtensibilityGlobals) = postSolution
		SolutionGuid = {2942789D-0319-4054-B372-74BD1AAF7DA2}
	EndGlobalSection
EndGlobal
